
Microsoft Visual Studio Solution File, Format Version 12.00
# Visual Studio Version 17
VisualStudioVersion = 17.2.32616.157
MinimumVisualStudioVersion = 10.0.40219.1
Project("{8BC9CEB8-8B4A-11D0-8D11-00A0C91BC942}") = "hk", "hk\hk.vcxproj", "{05063069-4377-4F3D-98B7-DAAEEC695E1D}"
EndProject
Project("{8BC9CEB8-8B4A-11D0-8D11-00A0C91BC942}") = "hklib", "hklib\hklib.vcxproj", "{4DD56323-E3A5-459B-A180-39282A4E2848}"
EndProject
Project("{8BC9CEB8-8B4A-11D0-8D11-00A0C91BC942}") = "encryptString", "encryptString\encryptString.vcxproj", "{768A6884-32D6-4BF9-B1F3-C84A106E7E2C}"
EndProject
Global
	GlobalSection(SolutionConfigurationPlatforms) = preSolution
		Debug|x64 = Debug|x64
		Debug|x86 = Debug|x86
		Release|x64 = Release|x64
		Release|x86 = Release|x86
	EndGlobalSection
	GlobalSection(ProjectConfigurationPlatforms) = postSolution
		{05063069-4377-4F3D-98B7-DAAEEC695E1D}.Debug|x64.ActiveCfg = Debug|x64
		{05063069-4377-4F3D-98B7-DAAEEC695E1D}.Debug|x64.Build.0 = Debug|x64
		{05063069-4377-4F3D-98B7-DAAEEC695E1D}.Debug|x86.ActiveCfg = Debug|Win32
		{05063069-4377-4F3D-98B7-DAAEEC695E1D}.Debug|x86.Build.0 = Debug|Win32
		{05063069-4377-4F3D-98B7-DAAEEC695E1D}.Release|x64.ActiveCfg = Release|x64
		{05063069-4377-4F3D-98B7-DAAEEC695E1D}.Release|x64.Build.0 = Release|x64
		{05063069-4377-4F3D-98B7-DAAEEC695E1D}.Release|x86.ActiveCfg = Release|Win32
		{05063069-4377-4F3D-98B7-DAAEEC695E1D}.Release|x86.Build.0 = Release|Win32
		{4DD56323-E3A5-459B-A180-39282A4E2848}.Debug|x64.ActiveCfg = Debug|x64
		{4DD56323-E3A5-459B-A180-39282A4E2848}.Debug|x64.Build.0 = Debug|x64
		{4DD56323-E3A5-459B-A180-39282A4E2848}.Debug|x86.ActiveCfg = Debug|Win32
		{4DD56323-E3A5-459B-A180-39282A4E2848}.Debug|x86.Build.0 = Debug|Win32
		{4DD56323-E3A5-459B-A180-39282A4E2848}.Release|x64.ActiveCfg = Release|x64
		{4DD56323-E3A5-459B-A180-39282A4E2848}.Release|x64.Build.0 = Release|x64
		{4DD56323-E3A5-459B-A180-39282A4E2848}.Release|x86.ActiveCfg = Release|Win32
		{4DD56323-E3A5-459B-A180-39282A4E2848}.Release|x86.Build.0 = Release|Win32
		{768A6884-32D6-4BF9-B1F3-C84A106E7E2C}.Debug|x64.ActiveCfg = Debug|x64
		{768A6884-32D6-4BF9-B1F3-C84A106E7E2C}.Debug|x64.Build.0 = Debug|x64
		{768A6884-32D6-4BF9-B1F3-C84A106E7E2C}.Debug|x86.ActiveCfg = Debug|Win32
		{768A6884-32D6-4BF9-B1F3-C84A106E7E2C}.Debug|x86.Build.0 = Debug|Win32
		{768A6884-32D6-4BF9-B1F3-C84A106E7E2C}.Release|x64.ActiveCfg = Release|x64
		{768A6884-32D6-4BF9-B1F3-C84A106E7E2C}.Release|x64.Build.0 = Release|x64
		{768A6884-32D6-4BF9-B1F3-C84A106E7E2C}.Release|x86.ActiveCfg = Release|Win32
		{768A6884-32D6-4BF9-B1F3-C84A106E7E2C}.Release|x86.Build.0 = Release|Win32
	EndGlobalSection
	GlobalSection(SolutionProperties) = preSolution
		HideSolutionNode = FALSE
	EndGlobalSection
	GlobalSection(ExtensibilityGlobals) = postSolution
		SolutionGuid = {9817A0F5-54A2-4AE0-9965-289B6930B24C}
	EndGlobalSection
EndGlobal
